// !$*UTF8*$!
{
	archiveVersion = 1;
	classes = {
	};
	objectVersion = 46;
	objects = {

/* Begin PBXBuildFile section */
		672577F51E3A88A000E04DEE /* AppDelegate.swift in Sources */ = {isa = PBXBuildFile; fileRef = 672577F41E3A88A000E04DEE /* AppDelegate.swift */; };
		672577FC1E3A88A000E04DEE /* Assets.xcassets in Resources */ = {isa = PBXBuildFile; fileRef = 672577FB1E3A88A000E04DEE /* Assets.xcassets */; };
		672577FF1E3A88A000E04DEE /* LaunchScreen.storyboard in Resources */ = {isa = PBXBuildFile; fileRef = 672577FD1E3A88A000E04DEE /* LaunchScreen.storyboard */; };
		6746E6481E425D2600C29100 /* AdjustAlignView.swift in Sources */ = {isa = PBXBuildFile; fileRef = 6746E6471E425D2600C29100 /* AdjustAlignView.swift */; };
		6746E64C1E42784800C29100 /* AdjustKernView.swift in Sources */ = {isa = PBXBuildFile; fileRef = 6746E64B1E42784800C29100 /* AdjustKernView.swift */; };
		67CFF70C1E3FE43000352CA5 /* LabelViewController.swift in Sources */ = {isa = PBXBuildFile; fileRef = 67CFF70B1E3FE43000352CA5 /* LabelViewController.swift */; };
		67CFF70E1E3FE49700352CA5 /* Styles.swift in Sources */ = {isa = PBXBuildFile; fileRef = 67CFF70D1E3FE49700352CA5 /* Styles.swift */; };
		67CFF7101E4129E900352CA5 /* AdjustColorView.swift in Sources */ = {isa = PBXBuildFile; fileRef = 67CFF70F1E4129E900352CA5 /* AdjustColorView.swift */; };
		67CFF7121E412AE600352CA5 /* PopupView.swift in Sources */ = {isa = PBXBuildFile; fileRef = 67CFF7111E412AE600352CA5 /* PopupView.swift */; };
		67CFF7141E4136C100352CA5 /* AdjustValueView.swift in Sources */ = {isa = PBXBuildFile; fileRef = 67CFF7131E4136C100352CA5 /* AdjustValueView.swift */; };
		67CFF7161E413BF300352CA5 /* AdjustSizeView.swift in Sources */ = {isa = PBXBuildFile; fileRef = 67CFF7151E413BF300352CA5 /* AdjustSizeView.swift */; };
		67F7E8951EB1407B00336F03 /* Scanner.swift in Sources */ = {isa = PBXBuildFile; fileRef = 67F7E88F1EB1407B00336F03 /* Scanner.swift */; };
		67F7E8961EB1407B00336F03 /* String.swift in Sources */ = {isa = PBXBuildFile; fileRef = 67F7E8901EB1407B00336F03 /* String.swift */; };
		67F7E8971EB1407B00336F03 /* Tag.swift in Sources */ = {isa = PBXBuildFile; fileRef = 67F7E8911EB1407B00336F03 /* Tag.swift */; };
		67F7E8981EB1407B00336F03 /* TextAttribute.swift in Sources */ = {isa = PBXBuildFile; fileRef = 67F7E8921EB1407B00336F03 /* TextAttribute.swift */; };
		67F7E8991EB1407B00336F03 /* TextStyle.swift in Sources */ = {isa = PBXBuildFile; fileRef = 67F7E8931EB1407B00336F03 /* TextStyle.swift */; };
		67F7E89A1EB1407B00336F03 /* TextyLabel.swift in Sources */ = {isa = PBXBuildFile; fileRef = 67F7E8941EB1407B00336F03 /* TextyLabel.swift */; };
		F0653ED11ECA410000F53406 /* TextyTextView.swift in Sources */ = {isa = PBXBuildFile; fileRef = F0653ED01ECA410000F53406 /* TextyTextView.swift */; };
		F0653ED31ECA411C00F53406 /* TextViewViewController.swift in Sources */ = {isa = PBXBuildFile; fileRef = F0653ED21ECA411C00F53406 /* TextViewViewController.swift */; };
		F0A7BEB61EB265D000160253 /* TextyButton.swift in Sources */ = {isa = PBXBuildFile; fileRef = F0A7BEB51EB265D000160253 /* TextyButton.swift */; };
		F0E458651EB4133B00FFA725 /* ButtonViewController1.swift in Sources */ = {isa = PBXBuildFile; fileRef = F0E458631EB4133B00FFA725 /* ButtonViewController1.swift */; };
		F0E458661EB4133B00FFA725 /* ButtonViewController2.swift in Sources */ = {isa = PBXBuildFile; fileRef = F0E458641EB4133B00FFA725 /* ButtonViewController2.swift */; };
/* End PBXBuildFile section */

/* Begin PBXCopyFilesBuildPhase section */
		6725780E1E3A901F00E04DEE /* Embed Frameworks */ = {
			isa = PBXCopyFilesBuildPhase;
			buildActionMask = 2147483647;
			dstPath = "";
			dstSubfolderSpec = 10;
			files = (
			);
			name = "Embed Frameworks";
			runOnlyForDeploymentPostprocessing = 0;
		};
/* End PBXCopyFilesBuildPhase section */

/* Begin PBXFileReference section */
		672577F11E3A88A000E04DEE /* Example.app */ = {isa = PBXFileReference; explicitFileType = wrapper.application; includeInIndex = 0; path = Example.app; sourceTree = BUILT_PRODUCTS_DIR; };
		672577F41E3A88A000E04DEE /* AppDelegate.swift */ = {isa = PBXFileReference; lastKnownFileType = sourcecode.swift; path = AppDelegate.swift; sourceTree = "<group>"; };
		672577FB1E3A88A000E04DEE /* Assets.xcassets */ = {isa = PBXFileReference; lastKnownFileType = folder.assetcatalog; path = Assets.xcassets; sourceTree = "<group>"; };
		672577FE1E3A88A000E04DEE /* Base */ = {isa = PBXFileReference; lastKnownFileType = file.storyboard; name = Base; path = Base.lproj/LaunchScreen.storyboard; sourceTree = "<group>"; };
		672578001E3A88A000E04DEE /* Info.plist */ = {isa = PBXFileReference; lastKnownFileType = text.plist.xml; path = Info.plist; sourceTree = "<group>"; };
		6746E6471E425D2600C29100 /* AdjustAlignView.swift */ = {isa = PBXFileReference; fileEncoding = 4; lastKnownFileType = sourcecode.swift; path = AdjustAlignView.swift; sourceTree = "<group>"; };
		6746E64B1E42784800C29100 /* AdjustKernView.swift */ = {isa = PBXFileReference; fileEncoding = 4; lastKnownFileType = sourcecode.swift; path = AdjustKernView.swift; sourceTree = "<group>"; };
		67CFF70B1E3FE43000352CA5 /* LabelViewController.swift */ = {isa = PBXFileReference; fileEncoding = 4; lastKnownFileType = sourcecode.swift; path = LabelViewController.swift; sourceTree = "<group>"; };
		67CFF70D1E3FE49700352CA5 /* Styles.swift */ = {isa = PBXFileReference; fileEncoding = 4; lastKnownFileType = sourcecode.swift; path = Styles.swift; sourceTree = "<group>"; };
		67CFF70F1E4129E900352CA5 /* AdjustColorView.swift */ = {isa = PBXFileReference; fileEncoding = 4; lastKnownFileType = sourcecode.swift; path = AdjustColorView.swift; sourceTree = "<group>"; };
		67CFF7111E412AE600352CA5 /* PopupView.swift */ = {isa = PBXFileReference; fileEncoding = 4; lastKnownFileType = sourcecode.swift; path = PopupView.swift; sourceTree = "<group>"; };
		67CFF7131E4136C100352CA5 /* AdjustValueView.swift */ = {isa = PBXFileReference; fileEncoding = 4; lastKnownFileType = sourcecode.swift; path = AdjustValueView.swift; sourceTree = "<group>"; };
		67CFF7151E413BF300352CA5 /* AdjustSizeView.swift */ = {isa = PBXFileReference; fileEncoding = 4; lastKnownFileType = sourcecode.swift; path = AdjustSizeView.swift; sourceTree = "<group>"; };
		67F7E88F1EB1407B00336F03 /* Scanner.swift */ = {isa = PBXFileReference; fileEncoding = 4; lastKnownFileType = sourcecode.swift; name = Scanner.swift; path = ../Source/Scanner.swift; sourceTree = "<group>"; };
		67F7E8901EB1407B00336F03 /* String.swift */ = {isa = PBXFileReference; fileEncoding = 4; lastKnownFileType = sourcecode.swift; name = String.swift; path = ../Source/String.swift; sourceTree = "<group>"; };
		67F7E8911EB1407B00336F03 /* Tag.swift */ = {isa = PBXFileReference; fileEncoding = 4; lastKnownFileType = sourcecode.swift; name = Tag.swift; path = ../Source/Tag.swift; sourceTree = "<group>"; };
		67F7E8921EB1407B00336F03 /* TextAttribute.swift */ = {isa = PBXFileReference; fileEncoding = 4; lastKnownFileType = sourcecode.swift; name = TextAttribute.swift; path = ../Source/TextAttribute.swift; sourceTree = "<group>"; };
		67F7E8931EB1407B00336F03 /* TextStyle.swift */ = {isa = PBXFileReference; fileEncoding = 4; lastKnownFileType = sourcecode.swift; name = TextStyle.swift; path = ../Source/TextStyle.swift; sourceTree = "<group>"; };
		67F7E8941EB1407B00336F03 /* TextyLabel.swift */ = {isa = PBXFileReference; fileEncoding = 4; lastKnownFileType = sourcecode.swift; name = TextyLabel.swift; path = ../Source/TextyLabel.swift; sourceTree = "<group>"; };
		F0653ED01ECA410000F53406 /* TextyTextView.swift */ = {isa = PBXFileReference; fileEncoding = 4; lastKnownFileType = sourcecode.swift; name = TextyTextView.swift; path = ../Source/TextyTextView.swift; sourceTree = "<group>"; };
		F0653ED21ECA411C00F53406 /* TextViewViewController.swift */ = {isa = PBXFileReference; fileEncoding = 4; lastKnownFileType = sourcecode.swift; path = TextViewViewController.swift; sourceTree = "<group>"; };
		F0A7BEB51EB265D000160253 /* TextyButton.swift */ = {isa = PBXFileReference; fileEncoding = 4; lastKnownFileType = sourcecode.swift; name = TextyButton.swift; path = ../Source/TextyButton.swift; sourceTree = "<group>"; };
		F0E458631EB4133B00FFA725 /* ButtonViewController1.swift */ = {isa = PBXFileReference; fileEncoding = 4; lastKnownFileType = sourcecode.swift; path = ButtonViewController1.swift; sourceTree = "<group>"; };
		F0E458641EB4133B00FFA725 /* ButtonViewController2.swift */ = {isa = PBXFileReference; fileEncoding = 4; lastKnownFileType = sourcecode.swift; path = ButtonViewController2.swift; sourceTree = "<group>"; };
/* End PBXFileReference section */

/* Begin PBXFrameworksBuildPhase section */
		672577EE1E3A88A000E04DEE /* Frameworks */ = {
			isa = PBXFrameworksBuildPhase;
			buildActionMask = 2147483647;
			files = (
			);
			runOnlyForDeploymentPostprocessing = 0;
		};
/* End PBXFrameworksBuildPhase section */

/* Begin PBXGroup section */
		672577E81E3A88A000E04DEE = {
			isa = PBXGroup;
			children = (
				672577F31E3A88A000E04DEE /* Example */,
				67C84BDE1EA9A5EA003C4700 /* Texty */,
				672577F21E3A88A000E04DEE /* Products */,
			);
			sourceTree = "<group>";
		};
		672577F21E3A88A000E04DEE /* Products */ = {
			isa = PBXGroup;
			children = (
				672577F11E3A88A000E04DEE /* Example.app */,
			);
			name = Products;
			sourceTree = "<group>";
		};
		672577F31E3A88A000E04DEE /* Example */ = {
			isa = PBXGroup;
			children = (
				672577F41E3A88A000E04DEE /* AppDelegate.swift */,
				67CFF70D1E3FE49700352CA5 /* Styles.swift */,
				F0653ED41ECA412100F53406 /* TextViewViewController */,
				6746E64A1E4277A900C29100 /* Popups */,
				F054A0751EB3E2D1000B32B6 /* ButtonViewController */,
				6746E6491E42778E00C29100 /* LabelViewController */,
				672577FB1E3A88A000E04DEE /* Assets.xcassets */,
				672577FD1E3A88A000E04DEE /* LaunchScreen.storyboard */,
				672578001E3A88A000E04DEE /* Info.plist */,
			);
			path = Example;
			sourceTree = "<group>";
		};
		6746E6491E42778E00C29100 /* LabelViewController */ = {
			isa = PBXGroup;
			children = (
				67CFF70B1E3FE43000352CA5 /* LabelViewController.swift */,
			);
			name = LabelViewController;
			sourceTree = "<group>";
		};
		6746E64A1E4277A900C29100 /* Popups */ = {
			isa = PBXGroup;
			children = (
				6746E6471E425D2600C29100 /* AdjustAlignView.swift */,
				67CFF70F1E4129E900352CA5 /* AdjustColorView.swift */,
				6746E64B1E42784800C29100 /* AdjustKernView.swift */,
				67CFF7151E413BF300352CA5 /* AdjustSizeView.swift */,
				67CFF7131E4136C100352CA5 /* AdjustValueView.swift */,
				67CFF7111E412AE600352CA5 /* PopupView.swift */,
			);
			name = Popups;
			sourceTree = "<group>";
		};
		67C84BDE1EA9A5EA003C4700 /* Texty */ = {
			isa = PBXGroup;
			children = (
				67F7E88F1EB1407B00336F03 /* Scanner.swift */,
				67F7E8901EB1407B00336F03 /* String.swift */,
				67F7E8911EB1407B00336F03 /* Tag.swift */,
				67F7E8921EB1407B00336F03 /* TextAttribute.swift */,
				67F7E8931EB1407B00336F03 /* TextStyle.swift */,
				F0A7BEB51EB265D000160253 /* TextyButton.swift */,
				67F7E8941EB1407B00336F03 /* TextyLabel.swift */,
				F0653ED01ECA410000F53406 /* TextyTextView.swift */,
			);
			name = Texty;
			sourceTree = "<group>";
		};
		F054A0751EB3E2D1000B32B6 /* ButtonViewController */ = {
			isa = PBXGroup;
			children = (
				F0E458631EB4133B00FFA725 /* ButtonViewController1.swift */,
				F0E458641EB4133B00FFA725 /* ButtonViewController2.swift */,
			);
			name = ButtonViewController;
			sourceTree = "<group>";
		};
		F0653ED41ECA412100F53406 /* TextViewViewController */ = {
			isa = PBXGroup;
			children = (
				F0653ED21ECA411C00F53406 /* TextViewViewController.swift */,
			);
			name = TextViewViewController;
			sourceTree = "<group>";
		};
/* End PBXGroup section */

/* Begin PBXNativeTarget section */
		672577F01E3A88A000E04DEE /* Example */ = {
			isa = PBXNativeTarget;
			buildConfigurationList = 672578031E3A88A000E04DEE /* Build configuration list for PBXNativeTarget "Example" */;
			buildPhases = (
				672577ED1E3A88A000E04DEE /* Sources */,
				672577EE1E3A88A000E04DEE /* Frameworks */,
				672577EF1E3A88A000E04DEE /* Resources */,
				6725780E1E3A901F00E04DEE /* Embed Frameworks */,
			);
			buildRules = (
			);
			dependencies = (
			);
			name = Example;
			productName = Example;
			productReference = 672577F11E3A88A000E04DEE /* Example.app */;
			productType = "com.apple.product-type.application";
		};
/* End PBXNativeTarget section */

/* Begin PBXProject section */
		672577E91E3A88A000E04DEE /* Project object */ = {
			isa = PBXProject;
			attributes = {
				LastSwiftUpdateCheck = 0820;
				LastUpgradeCheck = 0900;
				ORGANIZATIONNAME = Vectorform;
				TargetAttributes = {
					672577F01E3A88A000E04DEE = {
						CreatedOnToolsVersion = 8.2;
						DevelopmentTeam = D3F43CM6W7;
						LastSwiftMigration = 0900;
						ProvisioningStyle = Automatic;
					};
				};
			};
			buildConfigurationList = 672577EC1E3A88A000E04DEE /* Build configuration list for PBXProject "Example" */;
			compatibilityVersion = "Xcode 3.2";
			developmentRegion = English;
			hasScannedForEncodings = 0;
			knownRegions = (
				en,
				Base,
			);
			mainGroup = 672577E81E3A88A000E04DEE;
			productRefGroup = 672577F21E3A88A000E04DEE /* Products */;
			projectDirPath = "";
			projectRoot = "";
			targets = (
				672577F01E3A88A000E04DEE /* Example */,
			);
		};
/* End PBXProject section */

/* Begin PBXResourcesBuildPhase section */
		672577EF1E3A88A000E04DEE /* Resources */ = {
			isa = PBXResourcesBuildPhase;
			buildActionMask = 2147483647;
			files = (
				672577FF1E3A88A000E04DEE /* LaunchScreen.storyboard in Resources */,
				672577FC1E3A88A000E04DEE /* Assets.xcassets in Resources */,
			);
			runOnlyForDeploymentPostprocessing = 0;
		};
/* End PBXResourcesBuildPhase section */

/* Begin PBXSourcesBuildPhase section */
		672577ED1E3A88A000E04DEE /* Sources */ = {
			isa = PBXSourcesBuildPhase;
			buildActionMask = 2147483647;
			files = (
				67F7E8981EB1407B00336F03 /* TextAttribute.swift in Sources */,
				67F7E8971EB1407B00336F03 /* Tag.swift in Sources */,
				F0E458651EB4133B00FFA725 /* ButtonViewController1.swift in Sources */,
				67CFF70E1E3FE49700352CA5 /* Styles.swift in Sources */,
				67F7E8961EB1407B00336F03 /* String.swift in Sources */,
				67F7E89A1EB1407B00336F03 /* TextyLabel.swift in Sources */,
				6746E6481E425D2600C29100 /* AdjustAlignView.swift in Sources */,
				F0A7BEB61EB265D000160253 /* TextyButton.swift in Sources */,
				67CFF7101E4129E900352CA5 /* AdjustColorView.swift in Sources */,
				67CFF70C1E3FE43000352CA5 /* LabelViewController.swift in Sources */,
				67CFF7141E4136C100352CA5 /* AdjustValueView.swift in Sources */,
				F0653ED11ECA410000F53406 /* TextyTextView.swift in Sources */,
				67CFF7121E412AE600352CA5 /* PopupView.swift in Sources */,
				67CFF7161E413BF300352CA5 /* AdjustSizeView.swift in Sources */,
				F0653ED31ECA411C00F53406 /* TextViewViewController.swift in Sources */,
				67F7E8991EB1407B00336F03 /* TextStyle.swift in Sources */,
				6746E64C1E42784800C29100 /* AdjustKernView.swift in Sources */,
				67F7E8951EB1407B00336F03 /* Scanner.swift in Sources */,
				672577F51E3A88A000E04DEE /* AppDelegate.swift in Sources */,
				F0E458661EB4133B00FFA725 /* ButtonViewController2.swift in Sources */,
			);
			runOnlyForDeploymentPostprocessing = 0;
		};
/* End PBXSourcesBuildPhase section */

/* Begin PBXVariantGroup section */
		672577FD1E3A88A000E04DEE /* LaunchScreen.storyboard */ = {
			isa = PBXVariantGroup;
			children = (
				672577FE1E3A88A000E04DEE /* Base */,
			);
			name = LaunchScreen.storyboard;
			sourceTree = "<group>";
		};
/* End PBXVariantGroup section */

/* Begin XCBuildConfiguration section */
		672578011E3A88A000E04DEE /* Debug */ = {
			isa = XCBuildConfiguration;
			buildSettings = {
				ALWAYS_SEARCH_USER_PATHS = NO;
				CLANG_ANALYZER_NONNULL = YES;
				CLANG_CXX_LANGUAGE_STANDARD = "gnu++0x";
				CLANG_CXX_LIBRARY = "libc++";
				CLANG_ENABLE_MODULES = YES;
				CLANG_ENABLE_OBJC_ARC = YES;
				CLANG_WARN_BLOCK_CAPTURE_AUTORELEASING = YES;
				CLANG_WARN_BOOL_CONVERSION = YES;
				CLANG_WARN_COMMA = YES;
				CLANG_WARN_CONSTANT_CONVERSION = YES;
				CLANG_WARN_DIRECT_OBJC_ISA_USAGE = YES_ERROR;
				CLANG_WARN_DOCUMENTATION_COMMENTS = YES;
				CLANG_WARN_EMPTY_BODY = YES;
				CLANG_WARN_ENUM_CONVERSION = YES;
				CLANG_WARN_INFINITE_RECURSION = YES;
				CLANG_WARN_INT_CONVERSION = YES;
				CLANG_WARN_NON_LITERAL_NULL_CONVERSION = YES;
				CLANG_WARN_OBJC_LITERAL_CONVERSION = YES;
				CLANG_WARN_OBJC_ROOT_CLASS = YES_ERROR;
				CLANG_WARN_RANGE_LOOP_ANALYSIS = YES;
				CLANG_WARN_STRICT_PROTOTYPES = YES;
				CLANG_WARN_SUSPICIOUS_MOVE = YES;
				CLANG_WARN_UNREACHABLE_CODE = YES;
				CLANG_WARN__DUPLICATE_METHOD_MATCH = YES;
				"CODE_SIGN_IDENTITY[sdk=iphoneos*]" = "iPhone Developer";
				COPY_PHASE_STRIP = NO;
				DEBUG_INFORMATION_FORMAT = dwarf;
				ENABLE_STRICT_OBJC_MSGSEND = YES;
				ENABLE_TESTABILITY = YES;
				GCC_C_LANGUAGE_STANDARD = gnu99;
				GCC_DYNAMIC_NO_PIC = NO;
				GCC_NO_COMMON_BLOCKS = YES;
				GCC_OPTIMIZATION_LEVEL = 0;
				GCC_PREPROCESSOR_DEFINITIONS = (
					"DEBUG=1",
					"$(inherited)",
				);
				GCC_WARN_64_TO_32_BIT_CONVERSION = YES;
				GCC_WARN_ABOUT_RETURN_TYPE = YES_ERROR;
				GCC_WARN_UNDECLARED_SELECTOR = YES;
				GCC_WARN_UNINITIALIZED_AUTOS = YES_AGGRESSIVE;
				GCC_WARN_UNUSED_FUNCTION = YES;
				GCC_WARN_UNUSED_VARIABLE = YES;
				IPHONEOS_DEPLOYMENT_TARGET = 10.0;
				MTL_ENABLE_DEBUG_INFO = YES;
				ONLY_ACTIVE_ARCH = YES;
				SDKROOT = iphoneos;
				SWIFT_ACTIVE_COMPILATION_CONDITIONS = DEBUG;
				SWIFT_OPTIMIZATION_LEVEL = "-Onone";
				TARGETED_DEVICE_FAMILY = "1,2";
			};
			name = Debug;
		};
		672578021E3A88A000E04DEE /* Release */ = {
			isa = XCBuildConfiguration;
			buildSettings = {
				ALWAYS_SEARCH_USER_PATHS = NO;
				CLANG_ANALYZER_NONNULL = YES;
				CLANG_CXX_LANGUAGE_STANDARD = "gnu++0x";
				CLANG_CXX_LIBRARY = "libc++";
				CLANG_ENABLE_MODULES = YES;
				CLANG_ENABLE_OBJC_ARC = YES;
				CLANG_WARN_BLOCK_CAPTURE_AUTORELEASING = YES;
				CLANG_WARN_BOOL_CONVERSION = YES;
				CLANG_WARN_COMMA = YES;
				CLANG_WARN_CONSTANT_CONVERSION = YES;
				CLANG_WARN_DIRECT_OBJC_ISA_USAGE = YES_ERROR;
				CLANG_WARN_DOCUMENTATION_COMMENTS = YES;
				CLANG_WARN_EMPTY_BODY = YES;
				CLANG_WARN_ENUM_CONVERSION = YES;
				CLANG_WARN_INFINITE_RECURSION = YES;
				CLANG_WARN_INT_CONVERSION = YES;
				CLANG_WARN_NON_LITERAL_NULL_CONVERSION = YES;
				CLANG_WARN_OBJC_LITERAL_CONVERSION = YES;
				CLANG_WARN_OBJC_ROOT_CLASS = YES_ERROR;
				CLANG_WARN_RANGE_LOOP_ANALYSIS = YES;
				CLANG_WARN_STRICT_PROTOTYPES = YES;
				CLANG_WARN_SUSPICIOUS_MOVE = YES;
				CLANG_WARN_UNREACHABLE_CODE = YES;
				CLANG_WARN__DUPLICATE_METHOD_MATCH = YES;
				"CODE_SIGN_IDENTITY[sdk=iphoneos*]" = "iPhone Developer";
				COPY_PHASE_STRIP = NO;
				DEBUG_INFORMATION_FORMAT = "dwarf-with-dsym";
				ENABLE_NS_ASSERTIONS = NO;
				ENABLE_STRICT_OBJC_MSGSEND = YES;
				GCC_C_LANGUAGE_STANDARD = gnu99;
				GCC_NO_COMMON_BLOCKS = YES;
				GCC_WARN_64_TO_32_BIT_CONVERSION = YES;
				GCC_WARN_ABOUT_RETURN_TYPE = YES_ERROR;
				GCC_WARN_UNDECLARED_SELECTOR = YES;
				GCC_WARN_UNINITIALIZED_AUTOS = YES_AGGRESSIVE;
				GCC_WARN_UNUSED_FUNCTION = YES;
				GCC_WARN_UNUSED_VARIABLE = YES;
				IPHONEOS_DEPLOYMENT_TARGET = 10.0;
				MTL_ENABLE_DEBUG_INFO = NO;
				SDKROOT = iphoneos;
				SWIFT_OPTIMIZATION_LEVEL = "-Owholemodule";
				TARGETED_DEVICE_FAMILY = "1,2";
				VALIDATE_PRODUCT = YES;
			};
			name = Release;
		};
		672578041E3A88A000E04DEE /* Debug */ = {
			isa = XCBuildConfiguration;
			buildSettings = {
				ASSETCATALOG_COMPILER_APPICON_NAME = AppIcon;
				DEVELOPMENT_TEAM = D3F43CM6W7;
				INFOPLIST_FILE = Example/Info.plist;
				LD_RUNPATH_SEARCH_PATHS = "$(inherited) @executable_path/Frameworks";
				PRODUCT_BUNDLE_IDENTIFIER = com.vectorform.Example;
				PRODUCT_NAME = "$(TARGET_NAME)";
				SWIFT_SWIFT3_OBJC_INFERENCE = Default;
				SWIFT_VERSION = 4.0;
				TARGETED_DEVICE_FAMILY = "1,2";
			};
			name = Debug;
		};
		672578051E3A88A000E04DEE /* Release */ = {
			isa = XCBuildConfiguration;
			buildSettings = {
				ASSETCATALOG_COMPILER_APPICON_NAME = AppIcon;
				DEVELOPMENT_TEAM = D3F43CM6W7;
				INFOPLIST_FILE = Example/Info.plist;
				LD_RUNPATH_SEARCH_PATHS = "$(inherited) @executable_path/Frameworks";
				PRODUCT_BUNDLE_IDENTIFIER = com.vectorform.Example;
				PRODUCT_NAME = "$(TARGET_NAME)";
				SWIFT_SWIFT3_OBJC_INFERENCE = Default;
				SWIFT_VERSION = 4.0;
				TARGETED_DEVICE_FAMILY = "1,2";
			};
			name = Release;
		};
/* End XCBuildConfiguration section */

/* Begin XCConfigurationList section */
		672577EC1E3A88A000E04DEE /* Build configuration list for PBXProject "Example" */ = {
			isa = XCConfigurationList;
			buildConfigurations = (
				672578011E3A88A000E04DEE /* Debug */,
				672578021E3A88A000E04DEE /* Release */,
			);
			defaultConfigurationIsVisible = 0;
			defaultConfigurationName = Release;
		};
		672578031E3A88A000E04DEE /* Build configuration list for PBXNativeTarget "Example" */ = {
			isa = XCConfigurationList;
			buildConfigurations = (
				672578041E3A88A000E04DEE /* Debug */,
				672578051E3A88A000E04DEE /* Release */,
			);
			defaultConfigurationIsVisible = 0;
			defaultConfigurationName = Release;
		};
/* End XCConfigurationList section */
	};
	rootObject = 672577E91E3A88A000E04DEE /* Project object */;
}
